
Microsoft Visual Studio Solution File, Format Version 12.00
# Visual Studio Version 17
VisualStudioVersion = 17.10.35013.160
MinimumVisualStudioVersion = 10.0.40219.1
Project("{FAE04EC0-301F-11D3-BF4B-00C04F79EFBC}") = "ToDoList", "ToDoList\ToDoList.csproj", "{55A7A844-F215-42E0-8C23-13069BD019B0}"
EndProject
Global
	GlobalSection(SolutionConfigurationPlatforms) = preSolution
		Debug|Any CPU = Debug|Any CPU
		Release|Any CPU = Release|Any CPU
	EndGlobalSection
	GlobalSection(ProjectConfigurationPlatforms) = postSolution
		{55A7A844-F215-42E0-8C23-13069BD019B0}.Debug|Any CPU.ActiveCfg = Debug|Any CPU
		{55A7A844-F215-42E0-8C23-13069BD019B0}.Debug|Any CPU.Build.0 = Debug|Any CPU
		{55A7A844-F215-42E0-8C23-13069BD019B0}.Release|Any CPU.ActiveCfg = Release|Any CPU
		{55A7A844-F215-42E0-8C23-13069BD019B0}.Release|Any CPU.Build.0 = Release|Any CPU
	EndGlobalSection
	GlobalSection(SolutionProperties) = preSolution
		HideSolutionNode = FALSE
	EndGlobalSection
	GlobalSection(ExtensibilityGlobals) = postSolution
		SolutionGuid = {61EE1FB8-FFB4-4C14-BF79-809465C3905B}
	EndGlobalSection
EndGlobal
